#MicroXplorer Configuration settings - do not modify
Mcu.Family=STM32G0
ProjectManager.MainLocation=Core/Src
PA6.Mode=Full_Duplex_Master
RCC.USART1Freq_Value=64000000
ProjectManager.ProjectFileName=POWERMONA.ioc
RCC.CortexFreq_Value=64000000
ProjectManager.KeepUserCode=true
Mcu.UserName=STM32G030F6Px
Mcu.PinsNb=11
SPI1.VirtualType=VM_MASTER
ProjectManager.NoMain=false
SPI1.IPParameters=VirtualType,Mode,Direction,CalculateBaudRate,VirtualNSS,BaudRatePrescaler,CLKPhase
TIM1.IPParameters=Prescaler,Period,AutoReloadPreload
ProjectManager.functionlistsort=1-MX_GPIO_Init-GPIO-false-HAL-true,2-SystemClock_Config-RCC-false-HAL-false,3-MX_SPI1_Init-SPI1-false-HAL-true,4-MX_USART1_UART_Init-USART1-false-HAL-true,5-MX_TIM1_Init-TIM1-false-HAL-true
RCC.EXTERNAL_CLOCK_VALUE=12288000
ProjectManager.DefaultFWLocation=true
SPI1.CLKPhase=SPI_PHASE_2EDGE
NVIC.SVC_IRQn=true\:0\:0\:false\:false\:true\:false\:false
ProjectManager.DeletePrevious=true
USART1.IPParameters=VirtualMode-Asynchronous
PA5.PinState=GPIO_PIN_SET
PinOutPanel.RotationAngle=0
RCC.FamilyName=M
RCC.MCO1PinFreq_Value=64000000
RCC.SYSCLKSource=RCC_SYSCLKSOURCE_PLLCLK
ProjectManager.StackSize=0x400
USART1.VirtualMode-Asynchronous=VM_ASYNC
Mcu.IP4=TIM1
TIM1.AutoReloadPreload=TIM_AUTORELOAD_PRELOAD_ENABLE
RCC.FCLKCortexFreq_Value=64000000
Mcu.IP5=USART1
Mcu.IP2=SPI1
Mcu.IP3=SYS
Mcu.IP0=NVIC
Mcu.IP1=RCC
TIM1.Prescaler=159
VP_TIM1_VS_ClockSourceITR.Signal=TIM1_VS_ClockSourceITR
Mcu.UserConstants=
PA4.Mode=NSS_Signal_Hard_Output
PA7.PinState=GPIO_PIN_SET
ProjectManager.TargetToolchain=STM32CubeIDE
Mcu.ThirdPartyNb=0
SPI1.Direction=SPI_DIRECTION_2LINES
RCC.HCLKFreq_Value=64000000
Mcu.IPNb=6
ProjectManager.PreviousToolchain=STM32CubeIDE
PB6.Signal=USART1_TX
VP_TIM1_VS_ClockSourceINT.Signal=TIM1_VS_ClockSourceINT
VP_TIM1_VS_ClockSourceITR.Mode=TriggerSource_ITR0
RCC.I2S1Freq_Value=64000000
PB6.Mode=Asynchronous
SPI1.CalculateBaudRate=4.0 MBits/s
Mcu.Pin6=PA7
Mcu.Pin7=PB6
ProjectManager.RegisterCallBack=
Mcu.Pin8=VP_SYS_VS_Systick
Mcu.Pin9=VP_TIM1_VS_ClockSourceINT
RCC.LSE_VALUE=32768
PA1.Signal=SPI1_SCK
RCC.AHBFreq_Value=64000000
Mcu.Pin0=PB7
Mcu.Pin1=PA1
GPIO.groupedBy=Group By Peripherals
Mcu.Pin2=PA2
Mcu.Pin3=PA4
Mcu.Pin4=PA5
Mcu.Pin5=PA6
PA5.Signal=GPIO_Output
ProjectManager.ProjectBuild=false
RCC.HSE_VALUE=8000000
board=custom
RCC.VCOOutputFreq_Value=128000000
NVIC.SysTick_IRQn=true\:0\:0\:false\:false\:true\:false\:true
ProjectManager.LastFirmware=true
ProjectManager.FirmwarePackage=STM32Cube FW_G0 V1.4.1
MxDb.Version=DB.6.0.21
PA1.Mode=Full_Duplex_Master
ProjectManager.BackupPrevious=true
MxCube.Version=6.2.1
RCC.VCOInputFreq_Value=16000000
RCC.I2C1Freq_Value=64000000
SPI1.Mode=SPI_MODE_MASTER
RCC.ADCFreq_Value=64000000
File.Version=6
VP_SYS_VS_Systick.Mode=SysTick
PB7.Signal=USART1_RX
NVIC.NonMaskableInt_IRQn=true\:0\:0\:false\:false\:true\:false\:false
RCC.PLLRCLKFreq_Value=64000000
SPI1.VirtualNSS=VM_NSSHARD
NVIC.PendSV_IRQn=true\:0\:0\:false\:false\:true\:false\:false
ProjectManager.FreePins=false
RCC.IPParameters=ADCFreq_Value,AHBFreq_Value,APBFreq_Value,APBTimFreq_Value,CortexFreq_Value,EXTERNAL_CLOCK_VALUE,FCLKCortexFreq_Value,FamilyName,HCLKFreq_Value,HSE_VALUE,HSI_VALUE,I2C1Freq_Value,I2S1Freq_Value,LSCOPinFreq_Value,LSE_VALUE,LSI_VALUE,MCO1PinFreq_Value,PLLPoutputFreq_Value,PLLRCLKFreq_Value,PWRFreq_Value,SYSCLKFreq_VALUE,SYSCLKSource,USART1Freq_Value,VCOInputFreq_Value,VCOOutputFreq_Value
ProjectManager.AskForMigrate=true
Mcu.Name=STM32G030F6Px
ProjectManager.HalAssertFull=false
VP_TIM1_VS_ClockSourceINT.Mode=Internal
PA2.Signal=SPI1_MOSI
ProjectManager.ProjectName=POWERMONA
ProjectManager.UnderRoot=true
ProjectManager.CoupleFile=true
PA4.Signal=SPI1_NSS
RCC.APBTimFreq_Value=64000000
RCC.SYSCLKFreq_VALUE=64000000
Mcu.Package=TSSOP20
PA6.Signal=SPI1_MISO
PA5.Locked=true
PA7.Locked=true
NVIC.ForceEnableDMAVector=true
KeepUserPlacement=false
RCC.APBFreq_Value=64000000
ProjectManager.CompilerOptimize=6
ProjectManager.ToolChainLocation=
RCC.LSI_VALUE=32000
VP_SYS_VS_Systick.Signal=SYS_VS_Systick
PB7.Mode=Asynchronous
RCC.LSCOPinFreq_Value=32000
ProjectManager.HeapSize=0x200
NVIC.HardFault_IRQn=true\:0\:0\:false\:false\:true\:false\:false
PA5.GPIOParameters=PinState
ProjectManager.ComputerToolchain=false
RCC.HSI_VALUE=16000000
RCC.PLLPoutputFreq_Value=64000000
Mcu.Pin10=VP_TIM1_VS_ClockSourceITR
PA2.Mode=Full_Duplex_Master
RCC.PWRFreq_Value=64000000
TIM1.Period=39999
NVIC.USART1_IRQn=true\:0\:0\:false\:false\:true\:true\:true
SPI1.BaudRatePrescaler=SPI_BAUDRATEPRESCALER_16
PA7.GPIOParameters=PinState
NVIC.TIM1_BRK_UP_TRG_COM_IRQn=true\:0\:0\:false\:false\:true\:true\:true
ProjectManager.CustomerFirmwarePackage=
ProjectManager.DeviceId=STM32G030F6Px
ProjectManager.LibraryCopy=1
PA7.Signal=GPIO_Output
isbadioc=false
